// !$*UTF8*$!
{
	archiveVersion = 1;
	classes = {
	};
	objectVersion = 50;
	objects = {

/* Begin PBXBuildFile section */
		04B50BE822C9E70E0028D037 /* AppDelegate.m in Sources */ = {isa = PBXBuildFile; fileRef = 04B50BE722C9E70E0028D037 /* AppDelegate.m */; };
		04B50BEB22C9E70E0028D037 /* ViewController.m in Sources */ = {isa = PBXBuildFile; fileRef = 04B50BEA22C9E70E0028D037 /* ViewController.m */; };
		04B50BEE22C9E70E0028D037 /* Main.storyboard in Resources */ = {isa = PBXBuildFile; fileRef = 04B50BEC22C9E70E0028D037 /* Main.storyboard */; };
		04B50BF022C9E70E0028D037 /* Assets.xcassets in Resources */ = {isa = PBXBuildFile; fileRef = 04B50BEF22C9E70E0028D037 /* Assets.xcassets */; };
		04B50BF322C9E70E0028D037 /* LaunchScreen.storyboard in Resources */ = {isa = PBXBuildFile; fileRef = 04B50BF122C9E70E0028D037 /* LaunchScreen.storyboard */; };
		04B50BF622C9E70E0028D037 /* main.m in Sources */ = {isa = PBXBuildFile; fileRef = 04B50BF522C9E70E0028D037 /* main.m */; };
		04B50C0022C9E70E0028D037 /* xhwIMTestTests.m in Sources */ = {isa = PBXBuildFile; fileRef = 04B50BFF22C9E70E0028D037 /* xhwIMTestTests.m */; };
		04B50C0B22C9E70F0028D037 /* xhwIMTestUITests.m in Sources */ = {isa = PBXBuildFile; fileRef = 04B50C0A22C9E70F0028D037 /* xhwIMTestUITests.m */; };
		15EDBB9E2F8D4B6AAF18CCAE /* Pods_xhwIMTestUITests.framework in Frameworks */ = {isa = PBXBuildFile; fileRef = E357948F1039B3BFC4E3F91B /* Pods_xhwIMTestUITests.framework */; };
		59C62BF2891D4F7A5AF22CDF /* Pods_xhwIMTestTests.framework in Frameworks */ = {isa = PBXBuildFile; fileRef = 867036BD11733F81DF3DA269 /* Pods_xhwIMTestTests.framework */; };
		824BDAFCE1AD811D40ACF900 /* Pods_xhwIMTest.framework in Frameworks */ = {isa = PBXBuildFile; fileRef = BDF04DB442F89C880A372A02 /* Pods_xhwIMTest.framework */; };
/* End PBXBuildFile section */

/* Begin PBXContainerItemProxy section */
		04B50BFC22C9E70E0028D037 /* PBXContainerItemProxy */ = {
			isa = PBXContainerItemProxy;
			containerPortal = 04B50BDB22C9E70E0028D037 /* Project object */;
			proxyType = 1;
			remoteGlobalIDString = 04B50BE222C9E70E0028D037;
			remoteInfo = xhwIMTest;
		};
		04B50C0722C9E70F0028D037 /* PBXContainerItemProxy */ = {
			isa = PBXContainerItemProxy;
			containerPortal = 04B50BDB22C9E70E0028D037 /* Project object */;
			proxyType = 1;
			remoteGlobalIDString = 04B50BE222C9E70E0028D037;
			remoteInfo = xhwIMTest;
		};
/* End PBXContainerItemProxy section */

/* Begin PBXFileReference section */
		04B50BE322C9E70E0028D037 /* xhwIMTest.app */ = {isa = PBXFileReference; explicitFileType = wrapper.application; includeInIndex = 0; path = xhwIMTest.app; sourceTree = BUILT_PRODUCTS_DIR; };
		04B50BE622C9E70E0028D037 /* AppDelegate.h */ = {isa = PBXFileReference; lastKnownFileType = sourcecode.c.h; path = AppDelegate.h; sourceTree = "<group>"; };
		04B50BE722C9E70E0028D037 /* AppDelegate.m */ = {isa = PBXFileReference; lastKnownFileType = sourcecode.c.objc; path = AppDelegate.m; sourceTree = "<group>"; };
		04B50BE922C9E70E0028D037 /* ViewController.h */ = {isa = PBXFileReference; lastKnownFileType = sourcecode.c.h; path = ViewController.h; sourceTree = "<group>"; };
		04B50BEA22C9E70E0028D037 /* ViewController.m */ = {isa = PBXFileReference; lastKnownFileType = sourcecode.c.objc; path = ViewController.m; sourceTree = "<group>"; };
		04B50BED22C9E70E0028D037 /* Base */ = {isa = PBXFileReference; lastKnownFileType = file.storyboard; name = Base; path = Base.lproj/Main.storyboard; sourceTree = "<group>"; };
		04B50BEF22C9E70E0028D037 /* Assets.xcassets */ = {isa = PBXFileReference; lastKnownFileType = folder.assetcatalog; path = Assets.xcassets; sourceTree = "<group>"; };
		04B50BF222C9E70E0028D037 /* Base */ = {isa = PBXFileReference; lastKnownFileType = file.storyboard; name = Base; path = Base.lproj/LaunchScreen.storyboard; sourceTree = "<group>"; };
		04B50BF422C9E70E0028D037 /* Info.plist */ = {isa = PBXFileReference; lastKnownFileType = text.plist.xml; path = Info.plist; sourceTree = "<group>"; };
		04B50BF522C9E70E0028D037 /* main.m */ = {isa = PBXFileReference; lastKnownFileType = sourcecode.c.objc; path = main.m; sourceTree = "<group>"; };
		04B50BFB22C9E70E0028D037 /* xhwIMTestTests.xctest */ = {isa = PBXFileReference; explicitFileType = wrapper.cfbundle; includeInIndex = 0; path = xhwIMTestTests.xctest; sourceTree = BUILT_PRODUCTS_DIR; };
		04B50BFF22C9E70E0028D037 /* xhwIMTestTests.m */ = {isa = PBXFileReference; lastKnownFileType = sourcecode.c.objc; path = xhwIMTestTests.m; sourceTree = "<group>"; };
		04B50C0122C9E70E0028D037 /* Info.plist */ = {isa = PBXFileReference; lastKnownFileType = text.plist.xml; path = Info.plist; sourceTree = "<group>"; };
		04B50C0622C9E70F0028D037 /* xhwIMTestUITests.xctest */ = {isa = PBXFileReference; explicitFileType = wrapper.cfbundle; includeInIndex = 0; path = xhwIMTestUITests.xctest; sourceTree = BUILT_PRODUCTS_DIR; };
		04B50C0A22C9E70F0028D037 /* xhwIMTestUITests.m */ = {isa = PBXFileReference; lastKnownFileType = sourcecode.c.objc; path = xhwIMTestUITests.m; sourceTree = "<group>"; };
		04B50C0C22C9E70F0028D037 /* Info.plist */ = {isa = PBXFileReference; lastKnownFileType = text.plist.xml; path = Info.plist; sourceTree = "<group>"; };
		196EFC6F5D0CEA45A273D266 /* Pods-xhwIMTestUITests.debug.xcconfig */ = {isa = PBXFileReference; includeInIndex = 1; lastKnownFileType = text.xcconfig; name = "Pods-xhwIMTestUITests.debug.xcconfig"; path = "Target Support Files/Pods-xhwIMTestUITests/Pods-xhwIMTestUITests.debug.xcconfig"; sourceTree = "<group>"; };
		39FB5B9A0606C7769EFED7DE /* Pods-xhwIMTestUITests.release.xcconfig */ = {isa = PBXFileReference; includeInIndex = 1; lastKnownFileType = text.xcconfig; name = "Pods-xhwIMTestUITests.release.xcconfig"; path = "Target Support Files/Pods-xhwIMTestUITests/Pods-xhwIMTestUITests.release.xcconfig"; sourceTree = "<group>"; };
		488B10B8A39869BE27B5A421 /* Pods-xhwIMTest.release.xcconfig */ = {isa = PBXFileReference; includeInIndex = 1; lastKnownFileType = text.xcconfig; name = "Pods-xhwIMTest.release.xcconfig"; path = "Target Support Files/Pods-xhwIMTest/Pods-xhwIMTest.release.xcconfig"; sourceTree = "<group>"; };
		867036BD11733F81DF3DA269 /* Pods_xhwIMTestTests.framework */ = {isa = PBXFileReference; explicitFileType = wrapper.framework; includeInIndex = 0; path = Pods_xhwIMTestTests.framework; sourceTree = BUILT_PRODUCTS_DIR; };
		887E06A1006CCA8B322FCDF4 /* Pods-xhwIMTestTests.release.xcconfig */ = {isa = PBXFileReference; includeInIndex = 1; lastKnownFileType = text.xcconfig; name = "Pods-xhwIMTestTests.release.xcconfig"; path = "Target Support Files/Pods-xhwIMTestTests/Pods-xhwIMTestTests.release.xcconfig"; sourceTree = "<group>"; };
		A3F694088BE71E553B2A5FBC /* Pods-xhwIMTest.debug.xcconfig */ = {isa = PBXFileReference; includeInIndex = 1; lastKnownFileType = text.xcconfig; name = "Pods-xhwIMTest.debug.xcconfig"; path = "Target Support Files/Pods-xhwIMTest/Pods-xhwIMTest.debug.xcconfig"; sourceTree = "<group>"; };
		BDF04DB442F89C880A372A02 /* Pods_xhwIMTest.framework */ = {isa = PBXFileReference; explicitFileType = wrapper.framework; includeInIndex = 0; path = Pods_xhwIMTest.framework; sourceTree = BUILT_PRODUCTS_DIR; };
		E357948F1039B3BFC4E3F91B /* Pods_xhwIMTestUITests.framework */ = {isa = PBXFileReference; explicitFileType = wrapper.framework; includeInIndex = 0; path = Pods_xhwIMTestUITests.framework; sourceTree = BUILT_PRODUCTS_DIR; };
		F55D062D3B22B7293912A199 /* Pods-xhwIMTestTests.debug.xcconfig */ = {isa = PBXFileReference; includeInIndex = 1; lastKnownFileType = text.xcconfig; name = "Pods-xhwIMTestTests.debug.xcconfig"; path = "Target Support Files/Pods-xhwIMTestTests/Pods-xhwIMTestTests.debug.xcconfig"; sourceTree = "<group>"; };
/* End PBXFileReference section */

/* Begin PBXFrameworksBuildPhase section */
		04B50BE022C9E70E0028D037 /* Frameworks */ = {
			isa = PBXFrameworksBuildPhase;
			buildActionMask = 2147483647;
			files = (
				824BDAFCE1AD811D40ACF900 /* Pods_xhwIMTest.framework in Frameworks */,
			);
			runOnlyForDeploymentPostprocessing = 0;
		};
		04B50BF822C9E70E0028D037 /* Frameworks */ = {
			isa = PBXFrameworksBuildPhase;
			buildActionMask = 2147483647;
			files = (
				59C62BF2891D4F7A5AF22CDF /* Pods_xhwIMTestTests.framework in Frameworks */,
			);
			runOnlyForDeploymentPostprocessing = 0;
		};
		04B50C0322C9E70F0028D037 /* Frameworks */ = {
			isa = PBXFrameworksBuildPhase;
			buildActionMask = 2147483647;
			files = (
				15EDBB9E2F8D4B6AAF18CCAE /* Pods_xhwIMTestUITests.framework in Frameworks */,
			);
			runOnlyForDeploymentPostprocessing = 0;
		};
/* End PBXFrameworksBuildPhase section */

/* Begin PBXGroup section */
		04B50BDA22C9E70E0028D037 = {
			isa = PBXGroup;
			children = (
				04B50BE522C9E70E0028D037 /* xhwIMTest */,
				04B50BFE22C9E70E0028D037 /* xhwIMTestTests */,
				04B50C0922C9E70F0028D037 /* xhwIMTestUITests */,
				04B50BE422C9E70E0028D037 /* Products */,
				FBD5423C4B51E916AA28620F /* Pods */,
				B0AB927F70DE9A6FCFEB44CB /* Frameworks */,
			);
			sourceTree = "<group>";
		};
		04B50BE422C9E70E0028D037 /* Products */ = {
			isa = PBXGroup;
			children = (
				04B50BE322C9E70E0028D037 /* xhwIMTest.app */,
				04B50BFB22C9E70E0028D037 /* xhwIMTestTests.xctest */,
				04B50C0622C9E70F0028D037 /* xhwIMTestUITests.xctest */,
			);
			name = Products;
			sourceTree = "<group>";
		};
		04B50BE522C9E70E0028D037 /* xhwIMTest */ = {
			isa = PBXGroup;
			children = (
				04B50BE622C9E70E0028D037 /* AppDelegate.h */,
				04B50BE722C9E70E0028D037 /* AppDelegate.m */,
				04B50BE922C9E70E0028D037 /* ViewController.h */,
				04B50BEA22C9E70E0028D037 /* ViewController.m */,
				04B50BEC22C9E70E0028D037 /* Main.storyboard */,
				04B50BEF22C9E70E0028D037 /* Assets.xcassets */,
				04B50BF122C9E70E0028D037 /* LaunchScreen.storyboard */,
				04B50BF422C9E70E0028D037 /* Info.plist */,
				04B50BF522C9E70E0028D037 /* main.m */,
			);
			path = xhwIMTest;
			sourceTree = "<group>";
		};
		04B50BFE22C9E70E0028D037 /* xhwIMTestTests */ = {
			isa = PBXGroup;
			children = (
				04B50BFF22C9E70E0028D037 /* xhwIMTestTests.m */,
				04B50C0122C9E70E0028D037 /* Info.plist */,
			);
			path = xhwIMTestTests;
			sourceTree = "<group>";
		};
		04B50C0922C9E70F0028D037 /* xhwIMTestUITests */ = {
			isa = PBXGroup;
			children = (
				04B50C0A22C9E70F0028D037 /* xhwIMTestUITests.m */,
				04B50C0C22C9E70F0028D037 /* Info.plist */,
			);
			path = xhwIMTestUITests;
			sourceTree = "<group>";
		};
		B0AB927F70DE9A6FCFEB44CB /* Frameworks */ = {
			isa = PBXGroup;
			children = (
				BDF04DB442F89C880A372A02 /* Pods_xhwIMTest.framework */,
				867036BD11733F81DF3DA269 /* Pods_xhwIMTestTests.framework */,
				E357948F1039B3BFC4E3F91B /* Pods_xhwIMTestUITests.framework */,
			);
			name = Frameworks;
			sourceTree = "<group>";
		};
		FBD5423C4B51E916AA28620F /* Pods */ = {
			isa = PBXGroup;
			children = (
				A3F694088BE71E553B2A5FBC /* Pods-xhwIMTest.debug.xcconfig */,
				488B10B8A39869BE27B5A421 /* Pods-xhwIMTest.release.xcconfig */,
				F55D062D3B22B7293912A199 /* Pods-xhwIMTestTests.debug.xcconfig */,
				887E06A1006CCA8B322FCDF4 /* Pods-xhwIMTestTests.release.xcconfig */,
				196EFC6F5D0CEA45A273D266 /* Pods-xhwIMTestUITests.debug.xcconfig */,
				39FB5B9A0606C7769EFED7DE /* Pods-xhwIMTestUITests.release.xcconfig */,
			);
			name = Pods;
			path = Pods;
			sourceTree = "<group>";
		};
/* End PBXGroup section */

/* Begin PBXNativeTarget section */
		04B50BE222C9E70E0028D037 /* xhwIMTest */ = {
			isa = PBXNativeTarget;
			buildConfigurationList = 04B50C0F22C9E70F0028D037 /* Build configuration list for PBXNativeTarget "xhwIMTest" */;
			buildPhases = (
				D452E38856BC2D74E0A93984 /* [CP] Check Pods Manifest.lock */,
				04B50BDF22C9E70E0028D037 /* Sources */,
				04B50BE022C9E70E0028D037 /* Frameworks */,
				04B50BE122C9E70E0028D037 /* Resources */,
				FF2758A404864179730BA8CC /* [CP] Embed Pods Frameworks */,
			);
			buildRules = (
			);
			dependencies = (
			);
			name = xhwIMTest;
			productName = xhwIMTest;
			productReference = 04B50BE322C9E70E0028D037 /* xhwIMTest.app */;
			productType = "com.apple.product-type.application";
		};
		04B50BFA22C9E70E0028D037 /* xhwIMTestTests */ = {
			isa = PBXNativeTarget;
			buildConfigurationList = 04B50C1222C9E70F0028D037 /* Build configuration list for PBXNativeTarget "xhwIMTestTests" */;
			buildPhases = (
				31ED1F7351F929FB7DE07F2C /* [CP] Check Pods Manifest.lock */,
				04B50BF722C9E70E0028D037 /* Sources */,
				04B50BF822C9E70E0028D037 /* Frameworks */,
				04B50BF922C9E70E0028D037 /* Resources */,
			);
			buildRules = (
			);
			dependencies = (
				04B50BFD22C9E70E0028D037 /* PBXTargetDependency */,
			);
			name = xhwIMTestTests;
			productName = xhwIMTestTests;
			productReference = 04B50BFB22C9E70E0028D037 /* xhwIMTestTests.xctest */;
			productType = "com.apple.product-type.bundle.unit-test";
		};
		04B50C0522C9E70F0028D037 /* xhwIMTestUITests */ = {
			isa = PBXNativeTarget;
			buildConfigurationList = 04B50C1522C9E70F0028D037 /* Build configuration list for PBXNativeTarget "xhwIMTestUITests" */;
			buildPhases = (
				407BEA84FC83B15223C52562 /* [CP] Check Pods Manifest.lock */,
				04B50C0222C9E70F0028D037 /* Sources */,
				04B50C0322C9E70F0028D037 /* Frameworks */,
				04B50C0422C9E70F0028D037 /* Resources */,
			);
			buildRules = (
			);
			dependencies = (
				04B50C0822C9E70F0028D037 /* PBXTargetDependency */,
			);
			name = xhwIMTestUITests;
			productName = xhwIMTestUITests;
			productReference = 04B50C0622C9E70F0028D037 /* xhwIMTestUITests.xctest */;
			productType = "com.apple.product-type.bundle.ui-testing";
		};
/* End PBXNativeTarget section */

/* Begin PBXProject section */
		04B50BDB22C9E70E0028D037 /* Project object */ = {
			isa = PBXProject;
			attributes = {
				LastUpgradeCheck = 1000;
				ORGANIZATIONNAME = mac;
				TargetAttributes = {
					04B50BE222C9E70E0028D037 = {
						CreatedOnToolsVersion = 10.0;
					};
					04B50BFA22C9E70E0028D037 = {
						CreatedOnToolsVersion = 10.0;
						TestTargetID = 04B50BE222C9E70E0028D037;
					};
					04B50C0522C9E70F0028D037 = {
						CreatedOnToolsVersion = 10.0;
						TestTargetID = 04B50BE222C9E70E0028D037;
					};
				};
			};
			buildConfigurationList = 04B50BDE22C9E70E0028D037 /* Build configuration list for PBXProject "xhwIMTest" */;
			compatibilityVersion = "Xcode 9.3";
			developmentRegion = en;
			hasScannedForEncodings = 0;
			knownRegions = (
				en,
				Base,
			);
			mainGroup = 04B50BDA22C9E70E0028D037;
			productRefGroup = 04B50BE422C9E70E0028D037 /* Products */;
			projectDirPath = "";
			projectRoot = "";
			targets = (
				04B50BE222C9E70E0028D037 /* xhwIMTest */,
				04B50BFA22C9E70E0028D037 /* xhwIMTestTests */,
				04B50C0522C9E70F0028D037 /* xhwIMTestUITests */,
			);
		};
/* End PBXProject section */

/* Begin PBXResourcesBuildPhase section */
		04B50BE122C9E70E0028D037 /* Resources */ = {
			isa = PBXResourcesBuildPhase;
			buildActionMask = 2147483647;
			files = (
				04B50BF322C9E70E0028D037 /* LaunchScreen.storyboard in Resources */,
				04B50BF022C9E70E0028D037 /* Assets.xcassets in Resources */,
				04B50BEE22C9E70E0028D037 /* Main.storyboard in Resources */,
			);
			runOnlyForDeploymentPostprocessing = 0;
		};
		04B50BF922C9E70E0028D037 /* Resources */ = {
			isa = PBXResourcesBuildPhase;
			buildActionMask = 2147483647;
			files = (
			);
			runOnlyForDeploymentPostprocessing = 0;
		};
		04B50C0422C9E70F0028D037 /* Resources */ = {
			isa = PBXResourcesBuildPhase;
			buildActionMask = 2147483647;
			files = (
			);
			runOnlyForDeploymentPostprocessing = 0;
		};
/* End PBXResourcesBuildPhase section */

/* Begin PBXShellScriptBuildPhase section */
		31ED1F7351F929FB7DE07F2C /* [CP] Check Pods Manifest.lock */ = {
			isa = PBXShellScriptBuildPhase;
			buildActionMask = 2147483647;
			files = (
			);
			inputFileListPaths = (
			);
			inputPaths = (
				"${PODS_PODFILE_DIR_PATH}/Podfile.lock",
				"${PODS_ROOT}/Manifest.lock",
			);
			name = "[CP] Check Pods Manifest.lock";
			outputFileListPaths = (
			);
			outputPaths = (
				"$(DERIVED_FILE_DIR)/Pods-xhwIMTestTests-checkManifestLockResult.txt",
			);
			runOnlyForDeploymentPostprocessing = 0;
			shellPath = /bin/sh;
			shellScript = "diff \"${PODS_PODFILE_DIR_PATH}/Podfile.lock\" \"${PODS_ROOT}/Manifest.lock\" > /dev/null\nif [ $? != 0 ] ; then\n    # print error to STDERR\n    echo \"error: The sandbox is not in sync with the Podfile.lock. Run 'pod install' or update your CocoaPods installation.\" >&2\n    exit 1\nfi\n# This output is used by Xcode 'outputs' to avoid re-running this script phase.\necho \"SUCCESS\" > \"${SCRIPT_OUTPUT_FILE_0}\"\n";
			showEnvVarsInLog = 0;
		};
		407BEA84FC83B15223C52562 /* [CP] Check Pods Manifest.lock */ = {
			isa = PBXShellScriptBuildPhase;
			buildActionMask = 2147483647;
			files = (
			);
			inputFileListPaths = (
			);
			inputPaths = (
				"${PODS_PODFILE_DIR_PATH}/Podfile.lock",
				"${PODS_ROOT}/Manifest.lock",
			);
			name = "[CP] Check Pods Manifest.lock";
			outputFileListPaths = (
			);
			outputPaths = (
				"$(DERIVED_FILE_DIR)/Pods-xhwIMTestUITests-checkManifestLockResult.txt",
			);
			runOnlyForDeploymentPostprocessing = 0;
			shellPath = /bin/sh;
			shellScript = "diff \"${PODS_PODFILE_DIR_PATH}/Podfile.lock\" \"${PODS_ROOT}/Manifest.lock\" > /dev/null\nif [ $? != 0 ] ; then\n    # print error to STDERR\n    echo \"error: The sandbox is not in sync with the Podfile.lock. Run 'pod install' or update your CocoaPods installation.\" >&2\n    exit 1\nfi\n# This output is used by Xcode 'outputs' to avoid re-running this script phase.\necho \"SUCCESS\" > \"${SCRIPT_OUTPUT_FILE_0}\"\n";
			showEnvVarsInLog = 0;
		};
		D452E38856BC2D74E0A93984 /* [CP] Check Pods Manifest.lock */ = {
			isa = PBXShellScriptBuildPhase;
			buildActionMask = 2147483647;
			files = (
			);
			inputFileListPaths = (
			);
			inputPaths = (
				"${PODS_PODFILE_DIR_PATH}/Podfile.lock",
				"${PODS_ROOT}/Manifest.lock",
			);
			name = "[CP] Check Pods Manifest.lock";
			outputFileListPaths = (
			);
			outputPaths = (
				"$(DERIVED_FILE_DIR)/Pods-xhwIMTest-checkManifestLockResult.txt",
			);
			runOnlyForDeploymentPostprocessing = 0;
			shellPath = /bin/sh;
			shellScript = "diff \"${PODS_PODFILE_DIR_PATH}/Podfile.lock\" \"${PODS_ROOT}/Manifest.lock\" > /dev/null\nif [ $? != 0 ] ; then\n    # print error to STDERR\n    echo \"error: The sandbox is not in sync with the Podfile.lock. Run 'pod install' or update your CocoaPods installation.\" >&2\n    exit 1\nfi\n# This output is used by Xcode 'outputs' to avoid re-running this script phase.\necho \"SUCCESS\" > \"${SCRIPT_OUTPUT_FILE_0}\"\n";
			showEnvVarsInLog = 0;
		};
		FF2758A404864179730BA8CC /* [CP] Embed Pods Frameworks */ = {
			isa = PBXShellScriptBuildPhase;
			buildActionMask = 2147483647;
			files = (
			);
			inputFileListPaths = (
				"${PODS_ROOT}/Target Support Files/Pods-xhwIMTest/Pods-xhwIMTest-frameworks-${CONFIGURATION}-input-files.xcfilelist",
			);
			name = "[CP] Embed Pods Frameworks";
			outputFileListPaths = (
				"${PODS_ROOT}/Target Support Files/Pods-xhwIMTest/Pods-xhwIMTest-frameworks-${CONFIGURATION}-output-files.xcfilelist",
			);
			runOnlyForDeploymentPostprocessing = 0;
			shellPath = /bin/sh;
			shellScript = "\"${PODS_ROOT}/Target Support Files/Pods-xhwIMTest/Pods-xhwIMTest-frameworks.sh\"\n";
			showEnvVarsInLog = 0;
		};
/* End PBXShellScriptBuildPhase section */

/* Begin PBXSourcesBuildPhase section */
		04B50BDF22C9E70E0028D037 /* Sources */ = {
			isa = PBXSourcesBuildPhase;
			buildActionMask = 2147483647;
			files = (
				04B50BEB22C9E70E0028D037 /* ViewController.m in Sources */,
				04B50BF622C9E70E0028D037 /* main.m in Sources */,
				04B50BE822C9E70E0028D037 /* AppDelegate.m in Sources */,
			);
			runOnlyForDeploymentPostprocessing = 0;
		};
		04B50BF722C9E70E0028D037 /* Sources */ = {
			isa = PBXSourcesBuildPhase;
			buildActionMask = 2147483647;
			files = (
				04B50C0022C9E70E0028D037 /* xhwIMTestTests.m in Sources */,
			);
			runOnlyForDeploymentPostprocessing = 0;
		};
		04B50C0222C9E70F0028D037 /* Sources */ = {
			isa = PBXSourcesBuildPhase;
			buildActionMask = 2147483647;
			files = (
				04B50C0B22C9E70F0028D037 /* xhwIMTestUITests.m in Sources */,
			);
			runOnlyForDeploymentPostprocessing = 0;
		};
/* End PBXSourcesBuildPhase section */

/* Begin PBXTargetDependency section */
		04B50BFD22C9E70E0028D037 /* PBXTargetDependency */ = {
			isa = PBXTargetDependency;
			target = 04B50BE222C9E70E0028D037 /* xhwIMTest */;
			targetProxy = 04B50BFC22C9E70E0028D037 /* PBXContainerItemProxy */;
		};
		04B50C0822C9E70F0028D037 /* PBXTargetDependency */ = {
			isa = PBXTargetDependency;
			target = 04B50BE222C9E70E0028D037 /* xhwIMTest */;
			targetProxy = 04B50C0722C9E70F0028D037 /* PBXContainerItemProxy */;
		};
/* End PBXTargetDependency section */

/* Begin PBXVariantGroup section */
		04B50BEC22C9E70E0028D037 /* Main.storyboard */ = {
			isa = PBXVariantGroup;
			children = (
				04B50BED22C9E70E0028D037 /* Base */,
			);
			name = Main.storyboard;
			sourceTree = "<group>";
		};
		04B50BF122C9E70E0028D037 /* LaunchScreen.storyboard */ = {
			isa = PBXVariantGroup;
			children = (
				04B50BF222C9E70E0028D037 /* Base */,
			);
			name = LaunchScreen.storyboard;
			sourceTree = "<group>";
		};
/* End PBXVariantGroup section */

/* Begin XCBuildConfiguration section */
		04B50C0D22C9E70F0028D037 /* Debug */ = {
			isa = XCBuildConfiguration;
			buildSettings = {
				ALWAYS_SEARCH_USER_PATHS = NO;
				CLANG_ANALYZER_NONNULL = YES;
				CLANG_ANALYZER_NUMBER_OBJECT_CONVERSION = YES_AGGRESSIVE;
				CLANG_CXX_LANGUAGE_STANDARD = "gnu++14";
				CLANG_CXX_LIBRARY = "libc++";
				CLANG_ENABLE_MODULES = YES;
				CLANG_ENABLE_OBJC_ARC = YES;
				CLANG_ENABLE_OBJC_WEAK = YES;
				CLANG_WARN_BLOCK_CAPTURE_AUTORELEASING = YES;
				CLANG_WARN_BOOL_CONVERSION = YES;
				CLANG_WARN_COMMA = YES;
				CLANG_WARN_CONSTANT_CONVERSION = YES;
				CLANG_WARN_DEPRECATED_OBJC_IMPLEMENTATIONS = YES;
				CLANG_WARN_DIRECT_OBJC_ISA_USAGE = YES_ERROR;
				CLANG_WARN_DOCUMENTATION_COMMENTS = YES;
				CLANG_WARN_EMPTY_BODY = YES;
				CLANG_WARN_ENUM_CONVERSION = YES;
				CLANG_WARN_INFINITE_RECURSION = YES;
				CLANG_WARN_INT_CONVERSION = YES;
				CLANG_WARN_NON_LITERAL_NULL_CONVERSION = YES;
				CLANG_WARN_OBJC_IMPLICIT_RETAIN_SELF = YES;
				CLANG_WARN_OBJC_LITERAL_CONVERSION = YES;
				CLANG_WARN_OBJC_ROOT_CLASS = YES_ERROR;
				CLANG_WARN_RANGE_LOOP_ANALYSIS = YES;
				CLANG_WARN_STRICT_PROTOTYPES = YES;
				CLANG_WARN_SUSPICIOUS_MOVE = YES;
				CLANG_WARN_UNGUARDED_AVAILABILITY = YES_AGGRESSIVE;
				CLANG_WARN_UNREACHABLE_CODE = YES;
				CLANG_WARN__DUPLICATE_METHOD_MATCH = YES;
				CODE_SIGN_IDENTITY = "iPhone Developer";
				COPY_PHASE_STRIP = NO;
				DEBUG_INFORMATION_FORMAT = dwarf;
				ENABLE_STRICT_OBJC_MSGSEND = YES;
				ENABLE_TESTABILITY = YES;
				GCC_C_LANGUAGE_STANDARD = gnu11;
				GCC_DYNAMIC_NO_PIC = NO;
				GCC_NO_COMMON_BLOCKS = YES;
				GCC_OPTIMIZATION_LEVEL = 0;
				GCC_PREPROCESSOR_DEFINITIONS = (
					"DEBUG=1",
					"$(inherited)",
				);
				GCC_WARN_64_TO_32_BIT_CONVERSION = YES;
				GCC_WARN_ABOUT_RETURN_TYPE = YES_ERROR;
				GCC_WARN_UNDECLARED_SELECTOR = YES;
				GCC_WARN_UNINITIALIZED_AUTOS = YES_AGGRESSIVE;
				GCC_WARN_UNUSED_FUNCTION = YES;
				GCC_WARN_UNUSED_VARIABLE = YES;
				IPHONEOS_DEPLOYMENT_TARGET = 12.0;
				MTL_ENABLE_DEBUG_INFO = INCLUDE_SOURCE;
				MTL_FAST_MATH = YES;
				ONLY_ACTIVE_ARCH = YES;
				SDKROOT = iphoneos;
			};
			name = Debug;
		};
		04B50C0E22C9E70F0028D037 /* Release */ = {
			isa = XCBuildConfiguration;
			buildSettings = {
				ALWAYS_SEARCH_USER_PATHS = NO;
				CLANG_ANALYZER_NONNULL = YES;
				CLANG_ANALYZER_NUMBER_OBJECT_CONVERSION = YES_AGGRESSIVE;
				CLANG_CXX_LANGUAGE_STANDARD = "gnu++14";
				CLANG_CXX_LIBRARY = "libc++";
				CLANG_ENABLE_MODULES = YES;
				CLANG_ENABLE_OBJC_ARC = YES;
				CLANG_ENABLE_OBJC_WEAK = YES;
				CLANG_WARN_BLOCK_CAPTURE_AUTORELEASING = YES;
				CLANG_WARN_BOOL_CONVERSION = YES;
				CLANG_WARN_COMMA = YES;
				CLANG_WARN_CONSTANT_CONVERSION = YES;
				CLANG_WARN_DEPRECATED_OBJC_IMPLEMENTATIONS = YES;
				CLANG_WARN_DIRECT_OBJC_ISA_USAGE = YES_ERROR;
				CLANG_WARN_DOCUMENTATION_COMMENTS = YES;
				CLANG_WARN_EMPTY_BODY = YES;
				CLANG_WARN_ENUM_CONVERSION = YES;
				CLANG_WARN_INFINITE_RECURSION = YES;
				CLANG_WARN_INT_CONVERSION = YES;
				CLANG_WARN_NON_LITERAL_NULL_CONVERSION = YES;
				CLANG_WARN_OBJC_IMPLICIT_RETAIN_SELF = YES;
				CLANG_WARN_OBJC_LITERAL_CONVERSION = YES;
				CLANG_WARN_OBJC_ROOT_CLASS = YES_ERROR;
				CLANG_WARN_RANGE_LOOP_ANALYSIS = YES;
				CLANG_WARN_STRICT_PROTOTYPES = YES;
				CLANG_WARN_SUSPICIOUS_MOVE = YES;
				CLANG_WARN_UNGUARDED_AVAILABILITY = YES_AGGRESSIVE;
				CLANG_WARN_UNREACHABLE_CODE = YES;
				CLANG_WARN__DUPLICATE_METHOD_MATCH = YES;
				CODE_SIGN_IDENTITY = "iPhone Developer";
				COPY_PHASE_STRIP = NO;
				DEBUG_INFORMATION_FORMAT = "dwarf-with-dsym";
				ENABLE_NS_ASSERTIONS = NO;
				ENABLE_STRICT_OBJC_MSGSEND = YES;
				GCC_C_LANGUAGE_STANDARD = gnu11;
				GCC_NO_COMMON_BLOCKS = YES;
				GCC_WARN_64_TO_32_BIT_CONVERSION = YES;
				GCC_WARN_ABOUT_RETURN_TYPE = YES_ERROR;
				GCC_WARN_UNDECLARED_SELECTOR = YES;
				GCC_WARN_UNINITIALIZED_AUTOS = YES_AGGRESSIVE;
				GCC_WARN_UNUSED_FUNCTION = YES;
				GCC_WARN_UNUSED_VARIABLE = YES;
				IPHONEOS_DEPLOYMENT_TARGET = 12.0;
				MTL_ENABLE_DEBUG_INFO = NO;
				MTL_FAST_MATH = YES;
				SDKROOT = iphoneos;
				VALIDATE_PRODUCT = YES;
			};
			name = Release;
		};
		04B50C1022C9E70F0028D037 /* Debug */ = {
			isa = XCBuildConfiguration;
			baseConfigurationReference = A3F694088BE71E553B2A5FBC /* Pods-xhwIMTest.debug.xcconfig */;
			buildSettings = {
				ASSETCATALOG_COMPILER_APPICON_NAME = AppIcon;
				CODE_SIGN_STYLE = Automatic;
				INFOPLIST_FILE = xhwIMTest/Info.plist;
				LD_RUNPATH_SEARCH_PATHS = (
					"$(inherited)",
					"@executable_path/Frameworks",
				);
				PRODUCT_BUNDLE_IDENTIFIER = meiyou.xhwIMTest;
				PRODUCT_NAME = "$(TARGET_NAME)";
				TARGETED_DEVICE_FAMILY = "1,2";
			};
			name = Debug;
		};
		04B50C1122C9E70F0028D037 /* Release */ = {
			isa = XCBuildConfiguration;
			baseConfigurationReference = 488B10B8A39869BE27B5A421 /* Pods-xhwIMTest.release.xcconfig */;
			buildSettings = {
				ASSETCATALOG_COMPILER_APPICON_NAME = AppIcon;
				CODE_SIGN_STYLE = Automatic;
				INFOPLIST_FILE = xhwIMTest/Info.plist;
				LD_RUNPATH_SEARCH_PATHS = (
					"$(inherited)",
					"@executable_path/Frameworks",
				);
				PRODUCT_BUNDLE_IDENTIFIER = meiyou.xhwIMTest;
				PRODUCT_NAME = "$(TARGET_NAME)";
				TARGETED_DEVICE_FAMILY = "1,2";
			};
			name = Release;
		};
		04B50C1322C9E70F0028D037 /* Debug */ = {
			isa = XCBuildConfiguration;
			baseConfigurationReference = F55D062D3B22B7293912A199 /* Pods-xhwIMTestTests.debug.xcconfig */;
			buildSettings = {
				BUNDLE_LOADER = "$(TEST_HOST)";
				CODE_SIGN_STYLE = Automatic;
				INFOPLIST_FILE = xhwIMTestTests/Info.plist;
				LD_RUNPATH_SEARCH_PATHS = (
					"$(inherited)",
					"@executable_path/Frameworks",
					"@loader_path/Frameworks",
				);
				PRODUCT_BUNDLE_IDENTIFIER = meiyou.xhwIMTestTests;
				PRODUCT_NAME = "$(TARGET_NAME)";
				TARGETED_DEVICE_FAMILY = "1,2";
				TEST_HOST = "$(BUILT_PRODUCTS_DIR)/xhwIMTest.app/xhwIMTest";
			};
			name = Debug;
		};
		04B50C1422C9E70F0028D037 /* Release */ = {
			isa = XCBuildConfiguration;
			baseConfigurationReference = 887E06A1006CCA8B322FCDF4 /* Pods-xhwIMTestTests.release.xcconfig */;
			buildSettings = {
				BUNDLE_LOADER = "$(TEST_HOST)";
				CODE_SIGN_STYLE = Automatic;
				INFOPLIST_FILE = xhwIMTestTests/Info.plist;
				LD_RUNPATH_SEARCH_PATHS = (
					"$(inherited)",
					"@executable_path/Frameworks",
					"@loader_path/Frameworks",
				);
				PRODUCT_BUNDLE_IDENTIFIER = meiyou.xhwIMTestTests;
				PRODUCT_NAME = "$(TARGET_NAME)";
				TARGETED_DEVICE_FAMILY = "1,2";
				TEST_HOST = "$(BUILT_PRODUCTS_DIR)/xhwIMTest.app/xhwIMTest";
			};
			name = Release;
		};
		04B50C1622C9E70F0028D037 /* Debug */ = {
			isa = XCBuildConfiguration;
			baseConfigurationReference = 196EFC6F5D0CEA45A273D266 /* Pods-xhwIMTestUITests.debug.xcconfig */;
			buildSettings = {
				CODE_SIGN_STYLE = Automatic;
				INFOPLIST_FILE = xhwIMTestUITests/Info.plist;
				LD_RUNPATH_SEARCH_PATHS = (
					"$(inherited)",
					"@executable_path/Frameworks",
					"@loader_path/Frameworks",
				);
				PRODUCT_BUNDLE_IDENTIFIER = meiyou.xhwIMTestUITests;
				PRODUCT_NAME = "$(TARGET_NAME)";
				TARGETED_DEVICE_FAMILY = "1,2";
				TEST_TARGET_NAME = xhwIMTest;
			};
			name = Debug;
		};
		04B50C1722C9E70F0028D037 /* Release */ = {
			isa = XCBuildConfiguration;
			baseConfigurationReference = 39FB5B9A0606C7769EFED7DE /* Pods-xhwIMTestUITests.release.xcconfig */;
			buildSettings = {
				CODE_SIGN_STYLE = Automatic;
				INFOPLIST_FILE = xhwIMTestUITests/Info.plist;
				LD_RUNPATH_SEARCH_PATHS = (
					"$(inherited)",
					"@executable_path/Frameworks",
					"@loader_path/Frameworks",
				);
				PRODUCT_BUNDLE_IDENTIFIER = meiyou.xhwIMTestUITests;
				PRODUCT_NAME = "$(TARGET_NAME)";
				TARGETED_DEVICE_FAMILY = "1,2";
				TEST_TARGET_NAME = xhwIMTest;
			};
			name = Release;
		};
/* End XCBuildConfiguration section */

/* Begin XCConfigurationList section */
		04B50BDE22C9E70E0028D037 /* Build configuration list for PBXProject "xhwIMTest" */ = {
			isa = XCConfigurationList;
			buildConfigurations = (
				04B50C0D22C9E70F0028D037 /* Debug */,
				04B50C0E22C9E70F0028D037 /* Release */,
			);
			defaultConfigurationIsVisible = 0;
			defaultConfigurationName = Release;
		};
		04B50C0F22C9E70F0028D037 /* Build configuration list for PBXNativeTarget "xhwIMTest" */ = {
			isa = XCConfigurationList;
			buildConfigurations = (
				04B50C1022C9E70F0028D037 /* Debug */,
				04B50C1122C9E70F0028D037 /* Release */,
			);
			defaultConfigurationIsVisible = 0;
			defaultConfigurationName = Release;
		};
		04B50C1222C9E70F0028D037 /* Build configuration list for PBXNativeTarget "xhwIMTestTests" */ = {
			isa = XCConfigurationList;
			buildConfigurations = (
				04B50C1322C9E70F0028D037 /* Debug */,
				04B50C1422C9E70F0028D037 /* Release */,
			);
			defaultConfigurationIsVisible = 0;
			defaultConfigurationName = Release;
		};
		04B50C1522C9E70F0028D037 /* Build configuration list for PBXNativeTarget "xhwIMTestUITests" */ = {
			isa = XCConfigurationList;
			buildConfigurations = (
				04B50C1622C9E70F0028D037 /* Debug */,
				04B50C1722C9E70F0028D037 /* Release */,
			);
			defaultConfigurationIsVisible = 0;
			defaultConfigurationName = Release;
		};
/* End XCConfigurationList section */
	};
	rootObject = 04B50BDB22C9E70E0028D037 /* Project object */;
}
